Microsoft Visual Studio Solution File, Format Version 12.00
# Visual Studio Version 17
VisualStudioVersion = 17.5.2.0
MinimumVisualStudioVersion = 10.0.40219.1
Project("{FAE04EC0-301F-11D3-BF4B-00C04F79EFBC}") = "primer_programa", "primer_programa\primer_programa.csproj", "{5FC8E4D4-BD16-F7EB-3151-8B8782725753}"
EndProject
Project("{2150E333-8FDC-42A3-9474-1A3956D46DE8}") = "unidad3", "unidad3", "{3E943D52-9591-433E-A265-7EF0E25DC712}"
EndProject
Project("{FAE04EC0-301F-11D3-BF4B-00C04F79EFBC}") = "ejercicio1", "unidad3\ejercicio1\ejercicio1.csproj", "{E191D66A-A86D-44CE-A601-E0F56DA87FE5}"
EndProject
Project("{FAE04EC0-301F-11D3-BF4B-00C04F79EFBC}") = "ejercicio2", "unidad3\ejercicio2\ejercicio2.csproj", "{6E2C07D6-6EDF-48EC-A4A9-8D712A57C7F0}"
EndProject
Project("{FAE04EC0-301F-11D3-BF4B-00C04F79EFBC}") = "ejercicio3", "unidad3\ejercicio3\ejercicio3.csproj", "{CE76B82B-AE7B-4BAA-B96D-406020B72C5D}"
EndProject
Project("{FAE04EC0-301F-11D3-BF4B-00C04F79EFBC}") = "ejercicio4", "unidad3\ejercicio4\ejercicio4.csproj", "{FC1E9581-04FF-4A29-86E9-DF4E903439E6}"
EndProject
Project("{FAE04EC0-301F-11D3-BF4B-00C04F79EFBC}") = "ejercicio5", "unidad3\ejercicio5\ejercicio5.csproj", "{0B5ED42B-B5CC-473A-8DCD-01A97892EF01}"
EndProject
Project("{2150E333-8FDC-42A3-9474-1A3956D46DE8}") = "unidad4", "unidad4", "{5EB66309-1FE3-4E22-AD76-6CAB81EE0031}"
EndProject
Project("{FAE04EC0-301F-11D3-BF4B-00C04F79EFBC}") = "ejercicio1", "unidad4\ejercicio1\ejercicio1.csproj", "{E17E38C1-744A-4420-BF71-3646441E3260}"
EndProject
Project("{FAE04EC0-301F-11D3-BF4B-00C04F79EFBC}") = "ejercicio2", "unidad4\ejercicio2\ejercicio2.csproj", "{6F965ECF-1FCA-48B7-AB8C-7372A072A112}"
EndProject
Project("{FAE04EC0-301F-11D3-BF4B-00C04F79EFBC}") = "ejercicio3", "unidad4\ejercicio3\ejercicio3.csproj", "{54D2B167-5395-41D3-9F3A-BD5094109910}"
EndProject
Project("{FAE04EC0-301F-11D3-BF4B-00C04F79EFBC}") = "ejercicio4", "unidad4\ejercicio4\ejercicio4.csproj", "{33570157-CD22-4A9F-8E19-BA709F4C67BA}"
EndProject
Project("{FAE04EC0-301F-11D3-BF4B-00C04F79EFBC}") = "ejercicio5", "unidad4\ejercicio5\ejercicio5.csproj", "{EBA0306F-2763-4F43-A014-5A72DA11088C}"
EndProject
Project("{2150E333-8FDC-42A3-9474-1A3956D46DE8}") = "unidad5", "unidad5", "{BA6A90DC-47EE-4930-BAB6-B6FCD3F2D0DD}"
EndProject
Project("{FAE04EC0-301F-11D3-BF4B-00C04F79EFBC}") = "ejercicio1", "unidad5\ejercicio1\ejercicio1.csproj", "{F827FAA7-D8E3-4351-A63D-7BC130A6CAE9}"
EndProject
Project("{FAE04EC0-301F-11D3-BF4B-00C04F79EFBC}") = "ejercicio2", "unidad5\ejercicio2\ejercicio2.csproj", "{FB4F374F-A6C9-4602-9AA3-8FC362FA0EAC}"
EndProject
Project("{FAE04EC0-301F-11D3-BF4B-00C04F79EFBC}") = "ejercicio3", "unidad5\ejercicio3\ejercicio3.csproj", "{AADEDB8D-DCB4-4C05-AA02-EF606BBAB145}"
EndProject
Project("{FAE04EC0-301F-11D3-BF4B-00C04F79EFBC}") = "ejercicio4", "unidad5\ejercicio4\ejercicio4.csproj", "{4CEE3F93-F1DB-4BE8-A7B8-AAF73BAB5535}"
EndProject
Project("{FAE04EC0-301F-11D3-BF4B-00C04F79EFBC}") = "ejercicio5", "unidad5\ejercicio5\ejercicio5.csproj", "{54C06C1C-6550-481A-9C2A-7B145131FBD9}"
EndProject
Project("{2150E333-8FDC-42A3-9474-1A3956D46DE8}") = "unidad6", "unidad6", "{183DF2B7-0745-4C22-891B-F9364B76EF32}"
EndProject
Project("{FAE04EC0-301F-11D3-BF4B-00C04F79EFBC}") = "ejercicio1", "unidad6\ejercicio1\ejercicio1.csproj", "{3639CFBF-7E30-4F59-A466-38D93E2B3739}"
EndProject
Project("{FAE04EC0-301F-11D3-BF4B-00C04F79EFBC}") = "ejercicio2", "unidad6\ejercicio2\ejercicio2.csproj", "{5CBEED6E-5AE7-4DE0-86A4-6EF16758F3EE}"
EndProject
Project("{FAE04EC0-301F-11D3-BF4B-00C04F79EFBC}") = "ejercicio3", "unidad6\ejercicio3\ejercicio3.csproj", "{992F8F60-93CD-465E-A4A1-D4C91B98D272}"
EndProject
Project("{2150E333-8FDC-42A3-9474-1A3956D46DE8}") = "unidad7", "unidad7", "{974FE2C6-8D1E-468C-B630-6D524D6082BA}"
EndProject
Project("{FAE04EC0-301F-11D3-BF4B-00C04F79EFBC}") = "ejercicio1", "unidad7\ejercicio1\ejercicio1.csproj", "{E35273C8-1D95-45D2-A8D6-982ECB312120}"
EndProject
Project("{FAE04EC0-301F-11D3-BF4B-00C04F79EFBC}") = "ejercicio2", "unidad7\ejercicio2\ejercicio2.csproj", "{3F905B11-0A54-41D9-82C0-A96F5B662E7E}"
EndProject
Project("{FAE04EC0-301F-11D3-BF4B-00C04F79EFBC}") = "ejercicio3", "unidad7\ejercicio3\ejercicio3.csproj", "{F51F7B79-FEA9-4F5D-AE56-050985BBD15F}"
EndProject
Project("{FAE04EC0-301F-11D3-BF4B-00C04F79EFBC}") = "ejercicio4", "unidad7\ejercicio4\ejercicio4.csproj", "{89157BB1-FDFA-47A0-8EC4-95E9AD48ED71}"
EndProject
Project("{2150E333-8FDC-42A3-9474-1A3956D46DE8}") = "unidad8", "unidad8", "{B9676457-9699-43F4-ADC8-5C4C3B6314C1}"
EndProject
Project("{FAE04EC0-301F-11D3-BF4B-00C04F79EFBC}") = "ejercicio1", "unidad8\ejercicio1\ejercicio1.csproj", "{29B94502-2720-4102-86F3-96457A1E6E4F}"
EndProject
Project("{FAE04EC0-301F-11D3-BF4B-00C04F79EFBC}") = "ejercicio2", "unidad8\ejercicio2\ejercicio2.csproj", "{90D69AB9-00B7-4956-B40E-7826397B2567}"
EndProject
Project("{FAE04EC0-301F-11D3-BF4B-00C04F79EFBC}") = "ejercicio3", "unidad8\ejercicio3\ejercicio3.csproj", "{DA1A8323-B7F8-4AFE-B05F-3ECB4DE6BA65}"
EndProject
Project("{FAE04EC0-301F-11D3-BF4B-00C04F79EFBC}") = "ejercicio4", "unidad8\ejercicio4\ejercicio4.csproj", "{E24F4994-D2DF-4500-9951-E0F82D23DA08}"
EndProject
Project("{FAE04EC0-301F-11D3-BF4B-00C04F79EFBC}") = "prueba", "unidad8\prueba\prueba.csproj", "{0E5B13F7-915F-4483-BD38-39E083CEC0D1}"
EndProject
Global
	GlobalSection(SolutionConfigurationPlatforms) = preSolution
		Debug|Any CPU = Debug|Any CPU
		Release|Any CPU = Release|Any CPU
	EndGlobalSection
	GlobalSection(ProjectConfigurationPlatforms) = postSolution
		{5FC8E4D4-BD16-F7EB-3151-8B8782725753}.Debug|Any CPU.ActiveCfg = Debug|Any CPU
		{5FC8E4D4-BD16-F7EB-3151-8B8782725753}.Debug|Any CPU.Build.0 = Debug|Any CPU
		{5FC8E4D4-BD16-F7EB-3151-8B8782725753}.Release|Any CPU.ActiveCfg = Release|Any CPU
		{5FC8E4D4-BD16-F7EB-3151-8B8782725753}.Release|Any CPU.Build.0 = Release|Any CPU
		{E191D66A-A86D-44CE-A601-E0F56DA87FE5}.Debug|Any CPU.ActiveCfg = Debug|Any CPU
		{E191D66A-A86D-44CE-A601-E0F56DA87FE5}.Debug|Any CPU.Build.0 = Debug|Any CPU
		{E191D66A-A86D-44CE-A601-E0F56DA87FE5}.Release|Any CPU.ActiveCfg = Release|Any CPU
		{E191D66A-A86D-44CE-A601-E0F56DA87FE5}.Release|Any CPU.Build.0 = Release|Any CPU
		{6E2C07D6-6EDF-48EC-A4A9-8D712A57C7F0}.Debug|Any CPU.ActiveCfg = Debug|Any CPU
		{6E2C07D6-6EDF-48EC-A4A9-8D712A57C7F0}.Debug|Any CPU.Build.0 = Debug|Any CPU
		{6E2C07D6-6EDF-48EC-A4A9-8D712A57C7F0}.Release|Any CPU.ActiveCfg = Release|Any CPU
		{6E2C07D6-6EDF-48EC-A4A9-8D712A57C7F0}.Release|Any CPU.Build.0 = Release|Any CPU
		{CE76B82B-AE7B-4BAA-B96D-406020B72C5D}.Debug|Any CPU.ActiveCfg = Debug|Any CPU
		{CE76B82B-AE7B-4BAA-B96D-406020B72C5D}.Debug|Any CPU.Build.0 = Debug|Any CPU
		{CE76B82B-AE7B-4BAA-B96D-406020B72C5D}.Release|Any CPU.ActiveCfg = Release|Any CPU
		{CE76B82B-AE7B-4BAA-B96D-406020B72C5D}.Release|Any CPU.Build.0 = Release|Any CPU
		{FC1E9581-04FF-4A29-86E9-DF4E903439E6}.Debug|Any CPU.ActiveCfg = Debug|Any CPU
		{FC1E9581-04FF-4A29-86E9-DF4E903439E6}.Debug|Any CPU.Build.0 = Debug|Any CPU
		{FC1E9581-04FF-4A29-86E9-DF4E903439E6}.Release|Any CPU.ActiveCfg = Release|Any CPU
		{FC1E9581-04FF-4A29-86E9-DF4E903439E6}.Release|Any CPU.Build.0 = Release|Any CPU
		{0B5ED42B-B5CC-473A-8DCD-01A97892EF01}.Debug|Any CPU.ActiveCfg = Debug|Any CPU
		{0B5ED42B-B5CC-473A-8DCD-01A97892EF01}.Debug|Any CPU.Build.0 = Debug|Any CPU
		{0B5ED42B-B5CC-473A-8DCD-01A97892EF01}.Release|Any CPU.ActiveCfg = Release|Any CPU
		{0B5ED42B-B5CC-473A-8DCD-01A97892EF01}.Release|Any CPU.Build.0 = Release|Any CPU
		{E17E38C1-744A-4420-BF71-3646441E3260}.Debug|Any CPU.ActiveCfg = Debug|Any CPU
		{E17E38C1-744A-4420-BF71-3646441E3260}.Debug|Any CPU.Build.0 = Debug|Any CPU
		{E17E38C1-744A-4420-BF71-3646441E3260}.Release|Any CPU.ActiveCfg = Release|Any CPU
		{E17E38C1-744A-4420-BF71-3646441E3260}.Release|Any CPU.Build.0 = Release|Any CPU
		{6F965ECF-1FCA-48B7-AB8C-7372A072A112}.Debug|Any CPU.ActiveCfg = Debug|Any CPU
		{6F965ECF-1FCA-48B7-AB8C-7372A072A112}.Debug|Any CPU.Build.0 = Debug|Any CPU
		{6F965ECF-1FCA-48B7-AB8C-7372A072A112}.Release|Any CPU.ActiveCfg = Release|Any CPU
		{6F965ECF-1FCA-48B7-AB8C-7372A072A112}.Release|Any CPU.Build.0 = Release|Any CPU
		{54D2B167-5395-41D3-9F3A-BD5094109910}.Debug|Any CPU.ActiveCfg = Debug|Any CPU
		{54D2B167-5395-41D3-9F3A-BD5094109910}.Debug|Any CPU.Build.0 = Debug|Any CPU
		{54D2B167-5395-41D3-9F3A-BD5094109910}.Release|Any CPU.ActiveCfg = Release|Any CPU
		{54D2B167-5395-41D3-9F3A-BD5094109910}.Release|Any CPU.Build.0 = Release|Any CPU
		{33570157-CD22-4A9F-8E19-BA709F4C67BA}.Debug|Any CPU.ActiveCfg = Debug|Any CPU
		{33570157-CD22-4A9F-8E19-BA709F4C67BA}.Debug|Any CPU.Build.0 = Debug|Any CPU
		{33570157-CD22-4A9F-8E19-BA709F4C67BA}.Release|Any CPU.ActiveCfg = Release|Any CPU
		{33570157-CD22-4A9F-8E19-BA709F4C67BA}.Release|Any CPU.Build.0 = Release|Any CPU
		{EBA0306F-2763-4F43-A014-5A72DA11088C}.Debug|Any CPU.ActiveCfg = Debug|Any CPU
		{EBA0306F-2763-4F43-A014-5A72DA11088C}.Debug|Any CPU.Build.0 = Debug|Any CPU
		{EBA0306F-2763-4F43-A014-5A72DA11088C}.Release|Any CPU.ActiveCfg = Release|Any CPU
		{EBA0306F-2763-4F43-A014-5A72DA11088C}.Release|Any CPU.Build.0 = Release|Any CPU
		{F827FAA7-D8E3-4351-A63D-7BC130A6CAE9}.Debug|Any CPU.ActiveCfg = Debug|Any CPU
		{F827FAA7-D8E3-4351-A63D-7BC130A6CAE9}.Debug|Any CPU.Build.0 = Debug|Any CPU
		{F827FAA7-D8E3-4351-A63D-7BC130A6CAE9}.Release|Any CPU.ActiveCfg = Release|Any CPU
		{F827FAA7-D8E3-4351-A63D-7BC130A6CAE9}.Release|Any CPU.Build.0 = Release|Any CPU
		{FB4F374F-A6C9-4602-9AA3-8FC362FA0EAC}.Debug|Any CPU.ActiveCfg = Debug|Any CPU
		{FB4F374F-A6C9-4602-9AA3-8FC362FA0EAC}.Debug|Any CPU.Build.0 = Debug|Any CPU
		{FB4F374F-A6C9-4602-9AA3-8FC362FA0EAC}.Release|Any CPU.ActiveCfg = Release|Any CPU
		{FB4F374F-A6C9-4602-9AA3-8FC362FA0EAC}.Release|Any CPU.Build.0 = Release|Any CPU
		{AADEDB8D-DCB4-4C05-AA02-EF606BBAB145}.Debug|Any CPU.ActiveCfg = Debug|Any CPU
		{AADEDB8D-DCB4-4C05-AA02-EF606BBAB145}.Debug|Any CPU.Build.0 = Debug|Any CPU
		{AADEDB8D-DCB4-4C05-AA02-EF606BBAB145}.Release|Any CPU.ActiveCfg = Release|Any CPU
		{AADEDB8D-DCB4-4C05-AA02-EF606BBAB145}.Release|Any CPU.Build.0 = Release|Any CPU
		{4CEE3F93-F1DB-4BE8-A7B8-AAF73BAB5535}.Debug|Any CPU.ActiveCfg = Debug|Any CPU
		{4CEE3F93-F1DB-4BE8-A7B8-AAF73BAB5535}.Debug|Any CPU.Build.0 = Debug|Any CPU
		{4CEE3F93-F1DB-4BE8-A7B8-AAF73BAB5535}.Release|Any CPU.ActiveCfg = Release|Any CPU
		{4CEE3F93-F1DB-4BE8-A7B8-AAF73BAB5535}.Release|Any CPU.Build.0 = Release|Any CPU
		{54C06C1C-6550-481A-9C2A-7B145131FBD9}.Debug|Any CPU.ActiveCfg = Debug|Any CPU
		{54C06C1C-6550-481A-9C2A-7B145131FBD9}.Debug|Any CPU.Build.0 = Debug|Any CPU
		{54C06C1C-6550-481A-9C2A-7B145131FBD9}.Release|Any CPU.ActiveCfg = Release|Any CPU
		{54C06C1C-6550-481A-9C2A-7B145131FBD9}.Release|Any CPU.Build.0 = Release|Any CPU
		{3639CFBF-7E30-4F59-A466-38D93E2B3739}.Debug|Any CPU.ActiveCfg = Debug|Any CPU
		{3639CFBF-7E30-4F59-A466-38D93E2B3739}.Debug|Any CPU.Build.0 = Debug|Any CPU
		{3639CFBF-7E30-4F59-A466-38D93E2B3739}.Release|Any CPU.ActiveCfg = Release|Any CPU
		{3639CFBF-7E30-4F59-A466-38D93E2B3739}.Release|Any CPU.Build.0 = Release|Any CPU
		{5CBEED6E-5AE7-4DE0-86A4-6EF16758F3EE}.Debug|Any CPU.ActiveCfg = Debug|Any CPU
		{5CBEED6E-5AE7-4DE0-86A4-6EF16758F3EE}.Debug|Any CPU.Build.0 = Debug|Any CPU
		{5CBEED6E-5AE7-4DE0-86A4-6EF16758F3EE}.Release|Any CPU.ActiveCfg = Release|Any CPU
		{5CBEED6E-5AE7-4DE0-86A4-6EF16758F3EE}.Release|Any CPU.Build.0 = Release|Any CPU
		{992F8F60-93CD-465E-A4A1-D4C91B98D272}.Debug|Any CPU.ActiveCfg = Debug|Any CPU
		{992F8F60-93CD-465E-A4A1-D4C91B98D272}.Debug|Any CPU.Build.0 = Debug|Any CPU
		{992F8F60-93CD-465E-A4A1-D4C91B98D272}.Release|Any CPU.ActiveCfg = Release|Any CPU
		{992F8F60-93CD-465E-A4A1-D4C91B98D272}.Release|Any CPU.Build.0 = Release|Any CPU
		{E35273C8-1D95-45D2-A8D6-982ECB312120}.Debug|Any CPU.ActiveCfg = Debug|Any CPU
		{E35273C8-1D95-45D2-A8D6-982ECB312120}.Debug|Any CPU.Build.0 = Debug|Any CPU
		{E35273C8-1D95-45D2-A8D6-982ECB312120}.Release|Any CPU.ActiveCfg = Release|Any CPU
		{E35273C8-1D95-45D2-A8D6-982ECB312120}.Release|Any CPU.Build.0 = Release|Any CPU
		{3F905B11-0A54-41D9-82C0-A96F5B662E7E}.Debug|Any CPU.ActiveCfg = Debug|Any CPU
		{3F905B11-0A54-41D9-82C0-A96F5B662E7E}.Debug|Any CPU.Build.0 = Debug|Any CPU
		{3F905B11-0A54-41D9-82C0-A96F5B662E7E}.Release|Any CPU.ActiveCfg = Release|Any CPU
		{3F905B11-0A54-41D9-82C0-A96F5B662E7E}.Release|Any CPU.Build.0 = Release|Any CPU
		{F51F7B79-FEA9-4F5D-AE56-050985BBD15F}.Debug|Any CPU.ActiveCfg = Debug|Any CPU
		{F51F7B79-FEA9-4F5D-AE56-050985BBD15F}.Debug|Any CPU.Build.0 = Debug|Any CPU
		{F51F7B79-FEA9-4F5D-AE56-050985BBD15F}.Release|Any CPU.ActiveCfg = Release|Any CPU
		{F51F7B79-FEA9-4F5D-AE56-050985BBD15F}.Release|Any CPU.Build.0 = Release|Any CPU
		{89157BB1-FDFA-47A0-8EC4-95E9AD48ED71}.Debug|Any CPU.ActiveCfg = Debug|Any CPU
		{89157BB1-FDFA-47A0-8EC4-95E9AD48ED71}.Debug|Any CPU.Build.0 = Debug|Any CPU
		{89157BB1-FDFA-47A0-8EC4-95E9AD48ED71}.Release|Any CPU.ActiveCfg = Release|Any CPU
		{89157BB1-FDFA-47A0-8EC4-95E9AD48ED71}.Release|Any CPU.Build.0 = Release|Any CPU
		{29B94502-2720-4102-86F3-96457A1E6E4F}.Debug|Any CPU.ActiveCfg = Debug|Any CPU
		{29B94502-2720-4102-86F3-96457A1E6E4F}.Debug|Any CPU.Build.0 = Debug|Any CPU
		{29B94502-2720-4102-86F3-96457A1E6E4F}.Release|Any CPU.ActiveCfg = Release|Any CPU
		{29B94502-2720-4102-86F3-96457A1E6E4F}.Release|Any CPU.Build.0 = Release|Any CPU
		{90D69AB9-00B7-4956-B40E-7826397B2567}.Debug|Any CPU.ActiveCfg = Debug|Any CPU
		{90D69AB9-00B7-4956-B40E-7826397B2567}.Debug|Any CPU.Build.0 = Debug|Any CPU
		{90D69AB9-00B7-4956-B40E-7826397B2567}.Release|Any CPU.ActiveCfg = Release|Any CPU
		{90D69AB9-00B7-4956-B40E-7826397B2567}.Release|Any CPU.Build.0 = Release|Any CPU
		{DA1A8323-B7F8-4AFE-B05F-3ECB4DE6BA65}.Debug|Any CPU.ActiveCfg = Debug|Any CPU
		{DA1A8323-B7F8-4AFE-B05F-3ECB4DE6BA65}.Debug|Any CPU.Build.0 = Debug|Any CPU
		{DA1A8323-B7F8-4AFE-B05F-3ECB4DE6BA65}.Release|Any CPU.ActiveCfg = Release|Any CPU
		{DA1A8323-B7F8-4AFE-B05F-3ECB4DE6BA65}.Release|Any CPU.Build.0 = Release|Any CPU
		{E24F4994-D2DF-4500-9951-E0F82D23DA08}.Debug|Any CPU.ActiveCfg = Debug|Any CPU
		{E24F4994-D2DF-4500-9951-E0F82D23DA08}.Debug|Any CPU.Build.0 = Debug|Any CPU
		{E24F4994-D2DF-4500-9951-E0F82D23DA08}.Release|Any CPU.ActiveCfg = Release|Any CPU
		{E24F4994-D2DF-4500-9951-E0F82D23DA08}.Release|Any CPU.Build.0 = Release|Any CPU
		{0E5B13F7-915F-4483-BD38-39E083CEC0D1}.Debug|Any CPU.ActiveCfg = Debug|Any CPU
		{0E5B13F7-915F-4483-BD38-39E083CEC0D1}.Debug|Any CPU.Build.0 = Debug|Any CPU
		{0E5B13F7-915F-4483-BD38-39E083CEC0D1}.Release|Any CPU.ActiveCfg = Release|Any CPU
		{0E5B13F7-915F-4483-BD38-39E083CEC0D1}.Release|Any CPU.Build.0 = Release|Any CPU
	EndGlobalSection
	GlobalSection(SolutionProperties) = preSolution
		HideSolutionNode = FALSE
	EndGlobalSection
	GlobalSection(ExtensibilityGlobals) = postSolution
		SolutionGuid = {220F2638-0271-45BA-99C3-904CED56F4BA}
	EndGlobalSection
	GlobalSection(NestedProjects) = preSolution
		{E191D66A-A86D-44CE-A601-E0F56DA87FE5} = {3E943D52-9591-433E-A265-7EF0E25DC712}
		{6E2C07D6-6EDF-48EC-A4A9-8D712A57C7F0} = {3E943D52-9591-433E-A265-7EF0E25DC712}
		{CE76B82B-AE7B-4BAA-B96D-406020B72C5D} = {3E943D52-9591-433E-A265-7EF0E25DC712}
		{FC1E9581-04FF-4A29-86E9-DF4E903439E6} = {3E943D52-9591-433E-A265-7EF0E25DC712}
		{0B5ED42B-B5CC-473A-8DCD-01A97892EF01} = {3E943D52-9591-433E-A265-7EF0E25DC712}
		{E17E38C1-744A-4420-BF71-3646441E3260} = {5EB66309-1FE3-4E22-AD76-6CAB81EE0031}
		{6F965ECF-1FCA-48B7-AB8C-7372A072A112} = {5EB66309-1FE3-4E22-AD76-6CAB81EE0031}
		{54D2B167-5395-41D3-9F3A-BD5094109910} = {5EB66309-1FE3-4E22-AD76-6CAB81EE0031}
		{33570157-CD22-4A9F-8E19-BA709F4C67BA} = {5EB66309-1FE3-4E22-AD76-6CAB81EE0031}
		{EBA0306F-2763-4F43-A014-5A72DA11088C} = {5EB66309-1FE3-4E22-AD76-6CAB81EE0031}
		{F827FAA7-D8E3-4351-A63D-7BC130A6CAE9} = {BA6A90DC-47EE-4930-BAB6-B6FCD3F2D0DD}
		{FB4F374F-A6C9-4602-9AA3-8FC362FA0EAC} = {BA6A90DC-47EE-4930-BAB6-B6FCD3F2D0DD}
		{AADEDB8D-DCB4-4C05-AA02-EF606BBAB145} = {BA6A90DC-47EE-4930-BAB6-B6FCD3F2D0DD}
		{4CEE3F93-F1DB-4BE8-A7B8-AAF73BAB5535} = {BA6A90DC-47EE-4930-BAB6-B6FCD3F2D0DD}
		{54C06C1C-6550-481A-9C2A-7B145131FBD9} = {BA6A90DC-47EE-4930-BAB6-B6FCD3F2D0DD}
		{3639CFBF-7E30-4F59-A466-38D93E2B3739} = {183DF2B7-0745-4C22-891B-F9364B76EF32}
		{5CBEED6E-5AE7-4DE0-86A4-6EF16758F3EE} = {183DF2B7-0745-4C22-891B-F9364B76EF32}
		{992F8F60-93CD-465E-A4A1-D4C91B98D272} = {183DF2B7-0745-4C22-891B-F9364B76EF32}
		{E35273C8-1D95-45D2-A8D6-982ECB312120} = {974FE2C6-8D1E-468C-B630-6D524D6082BA}
		{3F905B11-0A54-41D9-82C0-A96F5B662E7E} = {974FE2C6-8D1E-468C-B630-6D524D6082BA}
		{F51F7B79-FEA9-4F5D-AE56-050985BBD15F} = {974FE2C6-8D1E-468C-B630-6D524D6082BA}
		{89157BB1-FDFA-47A0-8EC4-95E9AD48ED71} = {974FE2C6-8D1E-468C-B630-6D524D6082BA}
		{29B94502-2720-4102-86F3-96457A1E6E4F} = {B9676457-9699-43F4-ADC8-5C4C3B6314C1}
		{90D69AB9-00B7-4956-B40E-7826397B2567} = {B9676457-9699-43F4-ADC8-5C4C3B6314C1}
		{DA1A8323-B7F8-4AFE-B05F-3ECB4DE6BA65} = {B9676457-9699-43F4-ADC8-5C4C3B6314C1}
		{E24F4994-D2DF-4500-9951-E0F82D23DA08} = {B9676457-9699-43F4-ADC8-5C4C3B6314C1}
		{0E5B13F7-915F-4483-BD38-39E083CEC0D1} = {B9676457-9699-43F4-ADC8-5C4C3B6314C1}
	EndGlobalSection
EndGlobal
